
Microsoft Visual Studio Solution File, Format Version 12.00
# Visual Studio 14
VisualStudioVersion = 14.0.23107.0
MinimumVisualStudioVersion = 10.0.40219.1
Project("{FAE04EC0-301F-11D3-BF4B-00C04F79EFBC}") = "WindowsFormsApplication1", "WindowsFormsApplication1\WindowsFormsApplication1.csproj", "{BC552AE8-D807-45C8-8236-7204568A3F13}"
EndProject
Project("{FAE04EC0-301F-11D3-BF4B-00C04F79EFBC}") = "ConsoleApplicationClient", "..\ConsoleApplicationClient\ConsoleApplicationClient\ConsoleApplicationClient.csproj", "{889B9146-08D6-46EB-A463-8984CD69BC4A}"
EndProject
Global
	GlobalSection(SolutionConfigurationPlatforms) = preSolution
		Debug|Any CPU = Debug|Any CPU
		Release|Any CPU = Release|Any CPU
	EndGlobalSection
	GlobalSection(ProjectConfigurationPlatforms) = postSolution
		{BC552AE8-D807-45C8-8236-7204568A3F13}.Debug|Any CPU.ActiveCfg = Debug|Any CPU
		{BC552AE8-D807-45C8-8236-7204568A3F13}.Debug|Any CPU.Build.0 = Debug|Any CPU
		{BC552AE8-D807-45C8-8236-7204568A3F13}.Release|Any CPU.ActiveCfg = Release|Any CPU
		{BC552AE8-D807-45C8-8236-7204568A3F13}.Release|Any CPU.Build.0 = Release|Any CPU
		{889B9146-08D6-46EB-A463-8984CD69BC4A}.Debug|Any CPU.ActiveCfg = Debug|Any CPU
		{889B9146-08D6-46EB-A463-8984CD69BC4A}.Debug|Any CPU.Build.0 = Debug|Any CPU
		{889B9146-08D6-46EB-A463-8984CD69BC4A}.Release|Any CPU.ActiveCfg = Release|Any CPU
		{889B9146-08D6-46EB-A463-8984CD69BC4A}.Release|Any CPU.Build.0 = Release|Any CPU
	EndGlobalSection
	GlobalSection(SolutionProperties) = preSolution
		HideSolutionNode = FALSE
	EndGlobalSection
EndGlobal
